
Microsoft Visual Studio Solution File, Format Version 12.00
# Visual Studio Version 16
VisualStudioVersion = 16.0.28803.156
MinimumVisualStudioVersion = 10.0.40219.1
Project("{FAE04EC0-301F-11D3-BF4B-00C04F79EFBC}") = "MyGamingShop", "MyGamingShop\MyGamingShop.csproj", "{D6AFD8ED-335C-4796-802C-1EBDEAFE7EC5}"
EndProject
Global
	GlobalSection(SolutionConfigurationPlatforms) = preSolution
		Debug|Any CPU = Debug|Any CPU
		Release|Any CPU = Release|Any CPU
	EndGlobalSection
	GlobalSection(ProjectConfigurationPlatforms) = postSolution
		{D6AFD8ED-335C-4796-802C-1EBDEAFE7EC5}.Debug|Any CPU.ActiveCfg = Debug|Any CPU
		{D6AFD8ED-335C-4796-802C-1EBDEAFE7EC5}.Debug|Any CPU.Build.0 = Debug|Any CPU
		{D6AFD8ED-335C-4796-802C-1EBDEAFE7EC5}.Release|Any CPU.ActiveCfg = Release|Any CPU
		{D6AFD8ED-335C-4796-802C-1EBDEAFE7EC5}.Release|Any CPU.Build.0 = Release|Any CPU
	EndGlobalSection
	GlobalSection(SolutionProperties) = preSolution
		HideSolutionNode = FALSE
	EndGlobalSection
	GlobalSection(ExtensibilityGlobals) = postSolution
		SolutionGuid = {E45DC2B1-4EF1-493B-914A-A0A3BA9D1115}
	EndGlobalSection
EndGlobal
